
Microsoft Visual Studio Solution File, Format Version 12.00
# Visual Studio 15
VisualStudioVersion = 15.0.28307.329
MinimumVisualStudioVersion = 10.0.40219.1
Project("{FAE04EC0-301F-11D3-BF4B-00C04F79EFBC}") = "Calculator.Android", "Calculator\Calculator.Android\Calculator.Android.csproj", "{33314D2D-9BA5-4FCA-AD95-AFE203CC8152}"
EndProject
Project("{FAE04EC0-301F-11D3-BF4B-00C04F79EFBC}") = "Calculator.iOS", "Calculator\Calculator.iOS\Calculator.iOS.csproj", "{D893FEF2-0E63-449A-86C5-2E0C9A93ED72}"
EndProject
Project("{FAE04EC0-301F-11D3-BF4B-00C04F79EFBC}") = "Calculator.UWP", "Calculator\Calculator.UWP\Calculator.UWP.csproj", "{E9DFEC0C-1DD8-47F0-BB69-58222D691ACA}"
EndProject
Project("{9A19103F-16F7-4668-BE54-9A1E7A4F7556}") = "Calculator", "Calculator\Calculator\Calculator.csproj", "{997B9A86-A814-4FED-9AE5-17CE0B475A33}"
EndProject
Project("{FAE04EC0-301F-11D3-BF4B-00C04F79EFBC}") = "Calculator.Tests", "Calculator\Calculator.Tests\Calculator.Tests.csproj", "{698A80B2-629C-4BBF-A7EA-38AFA7AEA57A}"
EndProject
Project("{9A19103F-16F7-4668-BE54-9A1E7A4F7556}") = "Calculator.Services", "Calculator\Calculator.Services\Calculator.Services.csproj", "{BCCA5B58-CD9A-4A8B-869D-9D2C99B34709}"
EndProject
Project("{2150E333-8FDC-42A3-9474-1A3956D46DE8}") = "01. UI", "01. UI", "{7F05FBBB-F249-44C7-ADE4-ED35B3FFC176}"
EndProject
Project("{2150E333-8FDC-42A3-9474-1A3956D46DE8}") = "04. Tests", "04. Tests", "{ECC460C0-EBFE-422E-BB4F-B916BB64BE54}"
EndProject
Project("{2150E333-8FDC-42A3-9474-1A3956D46DE8}") = "02. Services", "02. Services", "{379FA441-ABB6-4086-89BE-6C6357A46BCF}"
EndProject
Project("{2150E333-8FDC-42A3-9474-1A3956D46DE8}") = "XamarinForms", "XamarinForms", "{773134CC-DCC5-4970-AD45-BD8A6470463F}"
EndProject
Project("{2150E333-8FDC-42A3-9474-1A3956D46DE8}") = "Platforms", "Platforms", "{F90271E0-2413-48AF-BD9A-08ACBB274430}"
EndProject
Project("{2150E333-8FDC-42A3-9474-1A3956D46DE8}") = "03. Libraries", "03. Libraries", "{EEF1FA35-0FEF-4FE1-AE3A-781895F4E2FC}"
EndProject
Project("{9A19103F-16F7-4668-BE54-9A1E7A4F7556}") = "Calculator.Library", "Calculator\Calculator.Library\Calculator.Library.csproj", "{A0ABD6E4-6124-43BF-A658-A91AB9500C3A}"
EndProject
Project("{9A19103F-16F7-4668-BE54-9A1E7A4F7556}") = "Calculator.Tests.Nunit", "Calculator\Calculator.Tests.Nunit\Calculator.Tests.Nunit.csproj", "{37E6524C-255C-4691-A35E-1E81843A01DB}"
EndProject
Global
	GlobalSection(SolutionConfigurationPlatforms) = preSolution
		Ad-Hoc|Any CPU = Ad-Hoc|Any CPU
		Ad-Hoc|ARM = Ad-Hoc|ARM
		Ad-Hoc|iPhone = Ad-Hoc|iPhone
		Ad-Hoc|iPhoneSimulator = Ad-Hoc|iPhoneSimulator
		Ad-Hoc|x64 = Ad-Hoc|x64
		Ad-Hoc|x86 = Ad-Hoc|x86
		AppStore|Any CPU = AppStore|Any CPU
		AppStore|ARM = AppStore|ARM
		AppStore|iPhone = AppStore|iPhone
		AppStore|iPhoneSimulator = AppStore|iPhoneSimulator
		AppStore|x64 = AppStore|x64
		AppStore|x86 = AppStore|x86
		Debug|Any CPU = Debug|Any CPU
		Debug|ARM = Debug|ARM
		Debug|iPhone = Debug|iPhone
		Debug|iPhoneSimulator = Debug|iPhoneSimulator
		Debug|x64 = Debug|x64
		Debug|x86 = Debug|x86
		Release|Any CPU = Release|Any CPU
		Release|ARM = Release|ARM
		Release|iPhone = Release|iPhone
		Release|iPhoneSimulator = Release|iPhoneSimulator
		Release|x64 = Release|x64
		Release|x86 = Release|x86
	EndGlobalSection
	GlobalSection(ProjectConfigurationPlatforms) = postSolution
		{33314D2D-9BA5-4FCA-AD95-AFE203CC8152}.Ad-Hoc|Any CPU.ActiveCfg = Release|Any CPU
		{33314D2D-9BA5-4FCA-AD95-AFE203CC8152}.Ad-Hoc|Any CPU.Build.0 = Release|Any CPU
		{33314D2D-9BA5-4FCA-AD95-AFE203CC8152}.Ad-Hoc|Any CPU.Deploy.0 = Release|Any CPU
		{33314D2D-9BA5-4FCA-AD95-AFE203CC8152}.Ad-Hoc|ARM.ActiveCfg = Release|Any CPU
		{33314D2D-9BA5-4FCA-AD95-AFE203CC8152}.Ad-Hoc|ARM.Build.0 = Release|Any CPU
		{33314D2D-9BA5-4FCA-AD95-AFE203CC8152}.Ad-Hoc|ARM.Deploy.0 = Release|Any CPU
		{33314D2D-9BA5-4FCA-AD95-AFE203CC8152}.Ad-Hoc|iPhone.ActiveCfg = Release|Any CPU
		{33314D2D-9BA5-4FCA-AD95-AFE203CC8152}.Ad-Hoc|iPhone.Build.0 = Release|Any CPU
		{33314D2D-9BA5-4FCA-AD95-AFE203CC8152}.Ad-Hoc|iPhone.Deploy.0 = Release|Any CPU
		{33314D2D-9BA5-4FCA-AD95-AFE203CC8152}.Ad-Hoc|iPhoneSimulator.ActiveCfg = Release|Any CPU
		{33314D2D-9BA5-4FCA-AD95-AFE203CC8152}.Ad-Hoc|iPhoneSimulator.Build.0 = Release|Any CPU
		{33314D2D-9BA5-4FCA-AD95-AFE203CC8152}.Ad-Hoc|iPhoneSimulator.Deploy.0 = Release|Any CPU
		{33314D2D-9BA5-4FCA-AD95-AFE203CC8152}.Ad-Hoc|x64.ActiveCfg = Release|Any CPU
		{33314D2D-9BA5-4FCA-AD95-AFE203CC8152}.Ad-Hoc|x64.Build.0 = Release|Any CPU
		{33314D2D-9BA5-4FCA-AD95-AFE203CC8152}.Ad-Hoc|x64.Deploy.0 = Release|Any CPU
		{33314D2D-9BA5-4FCA-AD95-AFE203CC8152}.Ad-Hoc|x86.ActiveCfg = Release|Any CPU
		{33314D2D-9BA5-4FCA-AD95-AFE203CC8152}.Ad-Hoc|x86.Build.0 = Release|Any CPU
		{33314D2D-9BA5-4FCA-AD95-AFE203CC8152}.Ad-Hoc|x86.Deploy.0 = Release|Any CPU
		{33314D2D-9BA5-4FCA-AD95-AFE203CC8152}.AppStore|Any CPU.ActiveCfg = Release|Any CPU
		{33314D2D-9BA5-4FCA-AD95-AFE203CC8152}.AppStore|Any CPU.Build.0 = Release|Any CPU
		{33314D2D-9BA5-4FCA-AD95-AFE203CC8152}.AppStore|Any CPU.Deploy.0 = Release|Any CPU
		{33314D2D-9BA5-4FCA-AD95-AFE203CC8152}.AppStore|ARM.ActiveCfg = Release|Any CPU
		{33314D2D-9BA5-4FCA-AD95-AFE203CC8152}.AppStore|ARM.Build.0 = Release|Any CPU
		{33314D2D-9BA5-4FCA-AD95-AFE203CC8152}.AppStore|ARM.Deploy.0 = Release|Any CPU
		{33314D2D-9BA5-4FCA-AD95-AFE203CC8152}.AppStore|iPhone.ActiveCfg = Release|Any CPU
		{33314D2D-9BA5-4FCA-AD95-AFE203CC8152}.AppStore|iPhone.Build.0 = Release|Any CPU
		{33314D2D-9BA5-4FCA-AD95-AFE203CC8152}.AppStore|iPhone.Deploy.0 = Release|Any CPU
		{33314D2D-9BA5-4FCA-AD95-AFE203CC8152}.AppStore|iPhoneSimulator.ActiveCfg = Release|Any CPU
		{33314D2D-9BA5-4FCA-AD95-AFE203CC8152}.AppStore|iPhoneSimulator.Build.0 = Release|Any CPU
		{33314D2D-9BA5-4FCA-AD95-AFE203CC8152}.AppStore|iPhoneSimulator.Deploy.0 = Release|Any CPU
		{33314D2D-9BA5-4FCA-AD95-AFE203CC8152}.AppStore|x64.ActiveCfg = Release|Any CPU
		{33314D2D-9BA5-4FCA-AD95-AFE203CC8152}.AppStore|x64.Build.0 = Release|Any CPU
		{33314D2D-9BA5-4FCA-AD95-AFE203CC8152}.AppStore|x64.Deploy.0 = Release|Any CPU
		{33314D2D-9BA5-4FCA-AD95-AFE203CC8152}.AppStore|x86.ActiveCfg = Release|Any CPU
		{33314D2D-9BA5-4FCA-AD95-AFE203CC8152}.AppStore|x86.Build.0 = Release|Any CPU
		{33314D2D-9BA5-4FCA-AD95-AFE203CC8152}.AppStore|x86.Deploy.0 = Release|Any CPU
		{33314D2D-9BA5-4FCA-AD95-AFE203CC8152}.Debug|Any CPU.ActiveCfg = Debug|Any CPU
		{33314D2D-9BA5-4FCA-AD95-AFE203CC8152}.Debug|Any CPU.Build.0 = Debug|Any CPU
		{33314D2D-9BA5-4FCA-AD95-AFE203CC8152}.Debug|Any CPU.Deploy.0 = Debug|Any CPU
		{33314D2D-9BA5-4FCA-AD95-AFE203CC8152}.Debug|ARM.ActiveCfg = Debug|Any CPU
		{33314D2D-9BA5-4FCA-AD95-AFE203CC8152}.Debug|ARM.Build.0 = Debug|Any CPU
		{33314D2D-9BA5-4FCA-AD95-AFE203CC8152}.Debug|ARM.Deploy.0 = Debug|Any CPU
		{33314D2D-9BA5-4FCA-AD95-AFE203CC8152}.Debug|iPhone.ActiveCfg = Debug|Any CPU
		{33314D2D-9BA5-4FCA-AD95-AFE203CC8152}.Debug|iPhone.Build.0 = Debug|Any CPU
		{33314D2D-9BA5-4FCA-AD95-AFE203CC8152}.Debug|iPhone.Deploy.0 = Debug|Any CPU
		{33314D2D-9BA5-4FCA-AD95-AFE203CC8152}.Debug|iPhoneSimulator.ActiveCfg = Debug|Any CPU
		{33314D2D-9BA5-4FCA-AD95-AFE203CC8152}.Debug|iPhoneSimulator.Build.0 = Debug|Any CPU
		{33314D2D-9BA5-4FCA-AD95-AFE203CC8152}.Debug|iPhoneSimulator.Deploy.0 = Debug|Any CPU
		{33314D2D-9BA5-4FCA-AD95-AFE203CC8152}.Debug|x64.ActiveCfg = Debug|Any CPU
		{33314D2D-9BA5-4FCA-AD95-AFE203CC8152}.Debug|x64.Build.0 = Debug|Any CPU
		{33314D2D-9BA5-4FCA-AD95-AFE203CC8152}.Debug|x64.Deploy.0 = Debug|Any CPU
		{33314D2D-9BA5-4FCA-AD95-AFE203CC8152}.Debug|x86.ActiveCfg = Debug|Any CPU
		{33314D2D-9BA5-4FCA-AD95-AFE203CC8152}.Debug|x86.Build.0 = Debug|Any CPU
		{33314D2D-9BA5-4FCA-AD95-AFE203CC8152}.Debug|x86.Deploy.0 = Debug|Any CPU
		{33314D2D-9BA5-4FCA-AD95-AFE203CC8152}.Release|Any CPU.ActiveCfg = Release|Any CPU
		{33314D2D-9BA5-4FCA-AD95-AFE203CC8152}.Release|Any CPU.Build.0 = Release|Any CPU
		{33314D2D-9BA5-4FCA-AD95-AFE203CC8152}.Release|Any CPU.Deploy.0 = Release|Any CPU
		{33314D2D-9BA5-4FCA-AD95-AFE203CC8152}.Release|ARM.ActiveCfg = Release|Any CPU
		{33314D2D-9BA5-4FCA-AD95-AFE203CC8152}.Release|ARM.Build.0 = Release|Any CPU
		{33314D2D-9BA5-4FCA-AD95-AFE203CC8152}.Release|ARM.Deploy.0 = Release|Any CPU
		{33314D2D-9BA5-4FCA-AD95-AFE203CC8152}.Release|iPhone.ActiveCfg = Release|Any CPU
		{33314D2D-9BA5-4FCA-AD95-AFE203CC8152}.Release|iPhone.Build.0 = Release|Any CPU
		{33314D2D-9BA5-4FCA-AD95-AFE203CC8152}.Release|iPhone.Deploy.0 = Release|Any CPU
		{33314D2D-9BA5-4FCA-AD95-AFE203CC8152}.Release|iPhoneSimulator.ActiveCfg = Release|Any CPU
		{33314D2D-9BA5-4FCA-AD95-AFE203CC8152}.Release|iPhoneSimulator.Build.0 = Release|Any CPU
		{33314D2D-9BA5-4FCA-AD95-AFE203CC8152}.Release|iPhoneSimulator.Deploy.0 = Release|Any CPU
		{33314D2D-9BA5-4FCA-AD95-AFE203CC8152}.Release|x64.ActiveCfg = Release|Any CPU
		{33314D2D-9BA5-4FCA-AD95-AFE203CC8152}.Release|x64.Build.0 = Release|Any CPU
		{33314D2D-9BA5-4FCA-AD95-AFE203CC8152}.Release|x64.Deploy.0 = Release|Any CPU
		{33314D2D-9BA5-4FCA-AD95-AFE203CC8152}.Release|x86.ActiveCfg = Release|Any CPU
		{33314D2D-9BA5-4FCA-AD95-AFE203CC8152}.Release|x86.Build.0 = Release|Any CPU
		{33314D2D-9BA5-4FCA-AD95-AFE203CC8152}.Release|x86.Deploy.0 = Release|Any CPU
		{D893FEF2-0E63-449A-86C5-2E0C9A93ED72}.Ad-Hoc|Any CPU.ActiveCfg = Ad-Hoc|iPhone
		{D893FEF2-0E63-449A-86C5-2E0C9A93ED72}.Ad-Hoc|Any CPU.Build.0 = Ad-Hoc|iPhone
		{D893FEF2-0E63-449A-86C5-2E0C9A93ED72}.Ad-Hoc|Any CPU.Deploy.0 = Ad-Hoc|iPhone
		{D893FEF2-0E63-449A-86C5-2E0C9A93ED72}.Ad-Hoc|ARM.ActiveCfg = Ad-Hoc|iPhone
		{D893FEF2-0E63-449A-86C5-2E0C9A93ED72}.Ad-Hoc|ARM.Build.0 = Ad-Hoc|iPhone
		{D893FEF2-0E63-449A-86C5-2E0C9A93ED72}.Ad-Hoc|ARM.Deploy.0 = Ad-Hoc|iPhone
		{D893FEF2-0E63-449A-86C5-2E0C9A93ED72}.Ad-Hoc|iPhone.ActiveCfg = Ad-Hoc|iPhone
		{D893FEF2-0E63-449A-86C5-2E0C9A93ED72}.Ad-Hoc|iPhone.Build.0 = Ad-Hoc|iPhone
		{D893FEF2-0E63-449A-86C5-2E0C9A93ED72}.Ad-Hoc|iPhone.Deploy.0 = Ad-Hoc|iPhone
		{D893FEF2-0E63-449A-86C5-2E0C9A93ED72}.Ad-Hoc|iPhoneSimulator.ActiveCfg = Ad-Hoc|iPhoneSimulator
		{D893FEF2-0E63-449A-86C5-2E0C9A93ED72}.Ad-Hoc|iPhoneSimulator.Build.0 = Ad-Hoc|iPhoneSimulator
		{D893FEF2-0E63-449A-86C5-2E0C9A93ED72}.Ad-Hoc|iPhoneSimulator.Deploy.0 = Ad-Hoc|iPhoneSimulator
		{D893FEF2-0E63-449A-86C5-2E0C9A93ED72}.Ad-Hoc|x64.ActiveCfg = Ad-Hoc|iPhone
		{D893FEF2-0E63-449A-86C5-2E0C9A93ED72}.Ad-Hoc|x64.Build.0 = Ad-Hoc|iPhone
		{D893FEF2-0E63-449A-86C5-2E0C9A93ED72}.Ad-Hoc|x64.Deploy.0 = Ad-Hoc|iPhone
		{D893FEF2-0E63-449A-86C5-2E0C9A93ED72}.Ad-Hoc|x86.ActiveCfg = Ad-Hoc|iPhone
		{D893FEF2-0E63-449A-86C5-2E0C9A93ED72}.Ad-Hoc|x86.Build.0 = Ad-Hoc|iPhone
		{D893FEF2-0E63-449A-86C5-2E0C9A93ED72}.Ad-Hoc|x86.Deploy.0 = Ad-Hoc|iPhone
		{D893FEF2-0E63-449A-86C5-2E0C9A93ED72}.AppStore|Any CPU.ActiveCfg = AppStore|iPhone
		{D893FEF2-0E63-449A-86C5-2E0C9A93ED72}.AppStore|Any CPU.Build.0 = AppStore|iPhone
		{D893FEF2-0E63-449A-86C5-2E0C9A93ED72}.AppStore|Any CPU.Deploy.0 = AppStore|iPhone
		{D893FEF2-0E63-449A-86C5-2E0C9A93ED72}.AppStore|ARM.ActiveCfg = AppStore|iPhone
		{D893FEF2-0E63-449A-86C5-2E0C9A93ED72}.AppStore|ARM.Build.0 = AppStore|iPhone
		{D893FEF2-0E63-449A-86C5-2E0C9A93ED72}.AppStore|ARM.Deploy.0 = AppStore|iPhone
		{D893FEF2-0E63-449A-86C5-2E0C9A93ED72}.AppStore|iPhone.ActiveCfg = AppStore|iPhone
		{D893FEF2-0E63-449A-86C5-2E0C9A93ED72}.AppStore|iPhone.Build.0 = AppStore|iPhone
		{D893FEF2-0E63-449A-86C5-2E0C9A93ED72}.AppStore|iPhone.Deploy.0 = AppStore|iPhone
		{D893FEF2-0E63-449A-86C5-2E0C9A93ED72}.AppStore|iPhoneSimulator.ActiveCfg = AppStore|iPhoneSimulator
		{D893FEF2-0E63-449A-86C5-2E0C9A93ED72}.AppStore|iPhoneSimulator.Build.0 = AppStore|iPhoneSimulator
		{D893FEF2-0E63-449A-86C5-2E0C9A93ED72}.AppStore|iPhoneSimulator.Deploy.0 = AppStore|iPhoneSimulator
		{D893FEF2-0E63-449A-86C5-2E0C9A93ED72}.AppStore|x64.ActiveCfg = AppStore|iPhone
		{D893FEF2-0E63-449A-86C5-2E0C9A93ED72}.AppStore|x64.Build.0 = AppStore|iPhone
		{D893FEF2-0E63-449A-86C5-2E0C9A93ED72}.AppStore|x64.Deploy.0 = AppStore|iPhone
		{D893FEF2-0E63-449A-86C5-2E0C9A93ED72}.AppStore|x86.ActiveCfg = AppStore|iPhone
		{D893FEF2-0E63-449A-86C5-2E0C9A93ED72}.AppStore|x86.Build.0 = AppStore|iPhone
		{D893FEF2-0E63-449A-86C5-2E0C9A93ED72}.AppStore|x86.Deploy.0 = AppStore|iPhone
		{D893FEF2-0E63-449A-86C5-2E0C9A93ED72}.Debug|Any CPU.ActiveCfg = Debug|iPhoneSimulator
		{D893FEF2-0E63-449A-86C5-2E0C9A93ED72}.Debug|Any CPU.Build.0 = Debug|iPhoneSimulator
		{D893FEF2-0E63-449A-86C5-2E0C9A93ED72}.Debug|Any CPU.Deploy.0 = Debug|iPhoneSimulator
		{D893FEF2-0E63-449A-86C5-2E0C9A93ED72}.Debug|ARM.ActiveCfg = Debug|iPhone
		{D893FEF2-0E63-449A-86C5-2E0C9A93ED72}.Debug|ARM.Build.0 = Debug|iPhone
		{D893FEF2-0E63-449A-86C5-2E0C9A93ED72}.Debug|ARM.Deploy.0 = Debug|iPhone
		{D893FEF2-0E63-449A-86C5-2E0C9A93ED72}.Debug|iPhone.ActiveCfg = Debug|iPhone
		{D893FEF2-0E63-449A-86C5-2E0C9A93ED72}.Debug|iPhone.Build.0 = Debug|iPhone
		{D893FEF2-0E63-449A-86C5-2E0C9A93ED72}.Debug|iPhone.Deploy.0 = Debug|iPhone
		{D893FEF2-0E63-449A-86C5-2E0C9A93ED72}.Debug|iPhoneSimulator.ActiveCfg = Debug|iPhoneSimulator
		{D893FEF2-0E63-449A-86C5-2E0C9A93ED72}.Debug|iPhoneSimulator.Build.0 = Debug|iPhoneSimulator
		{D893FEF2-0E63-449A-86C5-2E0C9A93ED72}.Debug|iPhoneSimulator.Deploy.0 = Debug|iPhoneSimulator
		{D893FEF2-0E63-449A-86C5-2E0C9A93ED72}.Debug|x64.ActiveCfg = Debug|iPhone
		{D893FEF2-0E63-449A-86C5-2E0C9A93ED72}.Debug|x64.Build.0 = Debug|iPhone
		{D893FEF2-0E63-449A-86C5-2E0C9A93ED72}.Debug|x64.Deploy.0 = Debug|iPhone
		{D893FEF2-0E63-449A-86C5-2E0C9A93ED72}.Debug|x86.ActiveCfg = Debug|iPhone
		{D893FEF2-0E63-449A-86C5-2E0C9A93ED72}.Debug|x86.Build.0 = Debug|iPhone
		{D893FEF2-0E63-449A-86C5-2E0C9A93ED72}.Debug|x86.Deploy.0 = Debug|iPhone
		{D893FEF2-0E63-449A-86C5-2E0C9A93ED72}.Release|Any CPU.ActiveCfg = Release|iPhone
		{D893FEF2-0E63-449A-86C5-2E0C9A93ED72}.Release|Any CPU.Build.0 = Release|iPhone
		{D893FEF2-0E63-449A-86C5-2E0C9A93ED72}.Release|Any CPU.Deploy.0 = Release|iPhone
		{D893FEF2-0E63-449A-86C5-2E0C9A93ED72}.Release|ARM.ActiveCfg = Release|iPhone
		{D893FEF2-0E63-449A-86C5-2E0C9A93ED72}.Release|ARM.Build.0 = Release|iPhone
		{D893FEF2-0E63-449A-86C5-2E0C9A93ED72}.Release|ARM.Deploy.0 = Release|iPhone
		{D893FEF2-0E63-449A-86C5-2E0C9A93ED72}.Release|iPhone.ActiveCfg = Release|iPhone
		{D893FEF2-0E63-449A-86C5-2E0C9A93ED72}.Release|iPhone.Build.0 = Release|iPhone
		{D893FEF2-0E63-449A-86C5-2E0C9A93ED72}.Release|iPhone.Deploy.0 = Release|iPhone
		{D893FEF2-0E63-449A-86C5-2E0C9A93ED72}.Release|iPhoneSimulator.ActiveCfg = Release|iPhoneSimulator
		{D893FEF2-0E63-449A-86C5-2E0C9A93ED72}.Release|iPhoneSimulator.Build.0 = Release|iPhoneSimulator
		{D893FEF2-0E63-449A-86C5-2E0C9A93ED72}.Release|iPhoneSimulator.Deploy.0 = Release|iPhoneSimulator
		{D893FEF2-0E63-449A-86C5-2E0C9A93ED72}.Release|x64.ActiveCfg = Release|iPhone
		{D893FEF2-0E63-449A-86C5-2E0C9A93ED72}.Release|x64.Build.0 = Release|iPhone
		{D893FEF2-0E63-449A-86C5-2E0C9A93ED72}.Release|x64.Deploy.0 = Release|iPhone
		{D893FEF2-0E63-449A-86C5-2E0C9A93ED72}.Release|x86.ActiveCfg = Release|iPhone
		{D893FEF2-0E63-449A-86C5-2E0C9A93ED72}.Release|x86.Build.0 = Release|iPhone
		{D893FEF2-0E63-449A-86C5-2E0C9A93ED72}.Release|x86.Deploy.0 = Release|iPhone
		{E9DFEC0C-1DD8-47F0-BB69-58222D691ACA}.Ad-Hoc|Any CPU.ActiveCfg = Release|x86
		{E9DFEC0C-1DD8-47F0-BB69-58222D691ACA}.Ad-Hoc|Any CPU.Build.0 = Release|x86
		{E9DFEC0C-1DD8-47F0-BB69-58222D691ACA}.Ad-Hoc|Any CPU.Deploy.0 = Release|x86
		{E9DFEC0C-1DD8-47F0-BB69-58222D691ACA}.Ad-Hoc|ARM.ActiveCfg = Release|ARM
		{E9DFEC0C-1DD8-47F0-BB69-58222D691ACA}.Ad-Hoc|ARM.Build.0 = Release|ARM
		{E9DFEC0C-1DD8-47F0-BB69-58222D691ACA}.Ad-Hoc|ARM.Deploy.0 = Release|ARM
		{E9DFEC0C-1DD8-47F0-BB69-58222D691ACA}.Ad-Hoc|iPhone.ActiveCfg = Release|x86
		{E9DFEC0C-1DD8-47F0-BB69-58222D691ACA}.Ad-Hoc|iPhone.Build.0 = Release|x86
		{E9DFEC0C-1DD8-47F0-BB69-58222D691ACA}.Ad-Hoc|iPhone.Deploy.0 = Release|x86
		{E9DFEC0C-1DD8-47F0-BB69-58222D691ACA}.Ad-Hoc|iPhoneSimulator.ActiveCfg = Release|x86
		{E9DFEC0C-1DD8-47F0-BB69-58222D691ACA}.Ad-Hoc|iPhoneSimulator.Build.0 = Release|x86
		{E9DFEC0C-1DD8-47F0-BB69-58222D691ACA}.Ad-Hoc|iPhoneSimulator.Deploy.0 = Release|x86
		{E9DFEC0C-1DD8-47F0-BB69-58222D691ACA}.Ad-Hoc|x64.ActiveCfg = Release|x64
		{E9DFEC0C-1DD8-47F0-BB69-58222D691ACA}.Ad-Hoc|x64.Build.0 = Release|x64
		{E9DFEC0C-1DD8-47F0-BB69-58222D691ACA}.Ad-Hoc|x64.Deploy.0 = Release|x64
		{E9DFEC0C-1DD8-47F0-BB69-58222D691ACA}.Ad-Hoc|x86.ActiveCfg = Release|x86
		{E9DFEC0C-1DD8-47F0-BB69-58222D691ACA}.Ad-Hoc|x86.Build.0 = Release|x86
		{E9DFEC0C-1DD8-47F0-BB69-58222D691ACA}.Ad-Hoc|x86.Deploy.0 = Release|x86
		{E9DFEC0C-1DD8-47F0-BB69-58222D691ACA}.AppStore|Any CPU.ActiveCfg = Release|x86
		{E9DFEC0C-1DD8-47F0-BB69-58222D691ACA}.AppStore|Any CPU.Build.0 = Release|x86
		{E9DFEC0C-1DD8-47F0-BB69-58222D691ACA}.AppStore|Any CPU.Deploy.0 = Release|x86
		{E9DFEC0C-1DD8-47F0-BB69-58222D691ACA}.AppStore|ARM.ActiveCfg = Release|ARM
		{E9DFEC0C-1DD8-47F0-BB69-58222D691ACA}.AppStore|ARM.Build.0 = Release|ARM
		{E9DFEC0C-1DD8-47F0-BB69-58222D691ACA}.AppStore|ARM.Deploy.0 = Release|ARM
		{E9DFEC0C-1DD8-47F0-BB69-58222D691ACA}.AppStore|iPhone.ActiveCfg = Release|x86
		{E9DFEC0C-1DD8-47F0-BB69-58222D691ACA}.AppStore|iPhone.Build.0 = Release|x86
		{E9DFEC0C-1DD8-47F0-BB69-58222D691ACA}.AppStore|iPhone.Deploy.0 = Release|x86
		{E9DFEC0C-1DD8-47F0-BB69-58222D691ACA}.AppStore|iPhoneSimulator.ActiveCfg = Release|x86
		{E9DFEC0C-1DD8-47F0-BB69-58222D691ACA}.AppStore|iPhoneSimulator.Build.0 = Release|x86
		{E9DFEC0C-1DD8-47F0-BB69-58222D691ACA}.AppStore|iPhoneSimulator.Deploy.0 = Release|x86
		{E9DFEC0C-1DD8-47F0-BB69-58222D691ACA}.AppStore|x64.ActiveCfg = Release|x64
		{E9DFEC0C-1DD8-47F0-BB69-58222D691ACA}.AppStore|x64.Build.0 = Release|x64
		{E9DFEC0C-1DD8-47F0-BB69-58222D691ACA}.AppStore|x64.Deploy.0 = Release|x64
		{E9DFEC0C-1DD8-47F0-BB69-58222D691ACA}.AppStore|x86.ActiveCfg = Release|x86
		{E9DFEC0C-1DD8-47F0-BB69-58222D691ACA}.AppStore|x86.Build.0 = Release|x86
		{E9DFEC0C-1DD8-47F0-BB69-58222D691ACA}.AppStore|x86.Deploy.0 = Release|x86
		{E9DFEC0C-1DD8-47F0-BB69-58222D691ACA}.Debug|Any CPU.ActiveCfg = Debug|x86
		{E9DFEC0C-1DD8-47F0-BB69-58222D691ACA}.Debug|Any CPU.Build.0 = Debug|x86
		{E9DFEC0C-1DD8-47F0-BB69-58222D691ACA}.Debug|Any CPU.Deploy.0 = Debug|x86
		{E9DFEC0C-1DD8-47F0-BB69-58222D691ACA}.Debug|ARM.ActiveCfg = Debug|ARM
		{E9DFEC0C-1DD8-47F0-BB69-58222D691ACA}.Debug|ARM.Build.0 = Debug|ARM
		{E9DFEC0C-1DD8-47F0-BB69-58222D691ACA}.Debug|ARM.Deploy.0 = Debug|ARM
		{E9DFEC0C-1DD8-47F0-BB69-58222D691ACA}.Debug|iPhone.ActiveCfg = Debug|x86
		{E9DFEC0C-1DD8-47F0-BB69-58222D691ACA}.Debug|iPhone.Build.0 = Debug|x86
		{E9DFEC0C-1DD8-47F0-BB69-58222D691ACA}.Debug|iPhone.Deploy.0 = Debug|x86
		{E9DFEC0C-1DD8-47F0-BB69-58222D691ACA}.Debug|iPhoneSimulator.ActiveCfg = Debug|x86
		{E9DFEC0C-1DD8-47F0-BB69-58222D691ACA}.Debug|iPhoneSimulator.Build.0 = Debug|x86
		{E9DFEC0C-1DD8-47F0-BB69-58222D691ACA}.Debug|iPhoneSimulator.Deploy.0 = Debug|x86
		{E9DFEC0C-1DD8-47F0-BB69-58222D691ACA}.Debug|x64.ActiveCfg = Debug|x64
		{E9DFEC0C-1DD8-47F0-BB69-58222D691ACA}.Debug|x64.Build.0 = Debug|x64
		{E9DFEC0C-1DD8-47F0-BB69-58222D691ACA}.Debug|x64.Deploy.0 = Debug|x64
		{E9DFEC0C-1DD8-47F0-BB69-58222D691ACA}.Debug|x86.ActiveCfg = Debug|x86
		{E9DFEC0C-1DD8-47F0-BB69-58222D691ACA}.Debug|x86.Build.0 = Debug|x86
		{E9DFEC0C-1DD8-47F0-BB69-58222D691ACA}.Debug|x86.Deploy.0 = Debug|x86
		{E9DFEC0C-1DD8-47F0-BB69-58222D691ACA}.Release|Any CPU.ActiveCfg = Release|x86
		{E9DFEC0C-1DD8-47F0-BB69-58222D691ACA}.Release|Any CPU.Build.0 = Release|x86
		{E9DFEC0C-1DD8-47F0-BB69-58222D691ACA}.Release|Any CPU.Deploy.0 = Release|x86
		{E9DFEC0C-1DD8-47F0-BB69-58222D691ACA}.Release|ARM.ActiveCfg = Release|ARM
		{E9DFEC0C-1DD8-47F0-BB69-58222D691ACA}.Release|ARM.Build.0 = Release|ARM
		{E9DFEC0C-1DD8-47F0-BB69-58222D691ACA}.Release|ARM.Deploy.0 = Release|ARM
		{E9DFEC0C-1DD8-47F0-BB69-58222D691ACA}.Release|iPhone.ActiveCfg = Release|x86
		{E9DFEC0C-1DD8-47F0-BB69-58222D691ACA}.Release|iPhone.Build.0 = Release|x86
		{E9DFEC0C-1DD8-47F0-BB69-58222D691ACA}.Release|iPhone.Deploy.0 = Release|x86
		{E9DFEC0C-1DD8-47F0-BB69-58222D691ACA}.Release|iPhoneSimulator.ActiveCfg = Release|x86
		{E9DFEC0C-1DD8-47F0-BB69-58222D691ACA}.Release|iPhoneSimulator.Build.0 = Release|x86
		{E9DFEC0C-1DD8-47F0-BB69-58222D691ACA}.Release|iPhoneSimulator.Deploy.0 = Release|x86
		{E9DFEC0C-1DD8-47F0-BB69-58222D691ACA}.Release|x64.ActiveCfg = Release|x64
		{E9DFEC0C-1DD8-47F0-BB69-58222D691ACA}.Release|x64.Build.0 = Release|x64
		{E9DFEC0C-1DD8-47F0-BB69-58222D691ACA}.Release|x64.Deploy.0 = Release|x64
		{E9DFEC0C-1DD8-47F0-BB69-58222D691ACA}.Release|x86.ActiveCfg = Release|x86
		{E9DFEC0C-1DD8-47F0-BB69-58222D691ACA}.Release|x86.Build.0 = Release|x86
		{E9DFEC0C-1DD8-47F0-BB69-58222D691ACA}.Release|x86.Deploy.0 = Release|x86
		{997B9A86-A814-4FED-9AE5-17CE0B475A33}.Ad-Hoc|Any CPU.ActiveCfg = Debug|Any CPU
		{997B9A86-A814-4FED-9AE5-17CE0B475A33}.Ad-Hoc|Any CPU.Build.0 = Debug|Any CPU
		{997B9A86-A814-4FED-9AE5-17CE0B475A33}.Ad-Hoc|Any CPU.Deploy.0 = Debug|Any CPU
		{997B9A86-A814-4FED-9AE5-17CE0B475A33}.Ad-Hoc|ARM.ActiveCfg = Debug|Any CPU
		{997B9A86-A814-4FED-9AE5-17CE0B475A33}.Ad-Hoc|ARM.Build.0 = Debug|Any CPU
		{997B9A86-A814-4FED-9AE5-17CE0B475A33}.Ad-Hoc|ARM.Deploy.0 = Debug|Any CPU
		{997B9A86-A814-4FED-9AE5-17CE0B475A33}.Ad-Hoc|iPhone.ActiveCfg = Debug|Any CPU
		{997B9A86-A814-4FED-9AE5-17CE0B475A33}.Ad-Hoc|iPhone.Build.0 = Debug|Any CPU
		{997B9A86-A814-4FED-9AE5-17CE0B475A33}.Ad-Hoc|iPhone.Deploy.0 = Debug|Any CPU
		{997B9A86-A814-4FED-9AE5-17CE0B475A33}.Ad-Hoc|iPhoneSimulator.ActiveCfg = Debug|Any CPU
		{997B9A86-A814-4FED-9AE5-17CE0B475A33}.Ad-Hoc|iPhoneSimulator.Build.0 = Debug|Any CPU
		{997B9A86-A814-4FED-9AE5-17CE0B475A33}.Ad-Hoc|iPhoneSimulator.Deploy.0 = Debug|Any CPU
		{997B9A86-A814-4FED-9AE5-17CE0B475A33}.Ad-Hoc|x64.ActiveCfg = Debug|Any CPU
		{997B9A86-A814-4FED-9AE5-17CE0B475A33}.Ad-Hoc|x64.Build.0 = Debug|Any CPU
		{997B9A86-A814-4FED-9AE5-17CE0B475A33}.Ad-Hoc|x64.Deploy.0 = Debug|Any CPU
		{997B9A86-A814-4FED-9AE5-17CE0B475A33}.Ad-Hoc|x86.ActiveCfg = Debug|Any CPU
		{997B9A86-A814-4FED-9AE5-17CE0B475A33}.Ad-Hoc|x86.Build.0 = Debug|Any CPU
		{997B9A86-A814-4FED-9AE5-17CE0B475A33}.Ad-Hoc|x86.Deploy.0 = Debug|Any CPU
		{997B9A86-A814-4FED-9AE5-17CE0B475A33}.AppStore|Any CPU.ActiveCfg = Debug|Any CPU
		{997B9A86-A814-4FED-9AE5-17CE0B475A33}.AppStore|Any CPU.Build.0 = Debug|Any CPU
		{997B9A86-A814-4FED-9AE5-17CE0B475A33}.AppStore|Any CPU.Deploy.0 = Debug|Any CPU
		{997B9A86-A814-4FED-9AE5-17CE0B475A33}.AppStore|ARM.ActiveCfg = Debug|Any CPU
		{997B9A86-A814-4FED-9AE5-17CE0B475A33}.AppStore|ARM.Build.0 = Debug|Any CPU
		{997B9A86-A814-4FED-9AE5-17CE0B475A33}.AppStore|ARM.Deploy.0 = Debug|Any CPU
		{997B9A86-A814-4FED-9AE5-17CE0B475A33}.AppStore|iPhone.ActiveCfg = Debug|Any CPU
		{997B9A86-A814-4FED-9AE5-17CE0B475A33}.AppStore|iPhone.Build.0 = Debug|Any CPU
		{997B9A86-A814-4FED-9AE5-17CE0B475A33}.AppStore|iPhone.Deploy.0 = Debug|Any CPU
		{997B9A86-A814-4FED-9AE5-17CE0B475A33}.AppStore|iPhoneSimulator.ActiveCfg = Debug|Any CPU
		{997B9A86-A814-4FED-9AE5-17CE0B475A33}.AppStore|iPhoneSimulator.Build.0 = Debug|Any CPU
		{997B9A86-A814-4FED-9AE5-17CE0B475A33}.AppStore|iPhoneSimulator.Deploy.0 = Debug|Any CPU
		{997B9A86-A814-4FED-9AE5-17CE0B475A33}.AppStore|x64.ActiveCfg = Debug|Any CPU
		{997B9A86-A814-4FED-9AE5-17CE0B475A33}.AppStore|x64.Build.0 = Debug|Any CPU
		{997B9A86-A814-4FED-9AE5-17CE0B475A33}.AppStore|x64.Deploy.0 = Debug|Any CPU
		{997B9A86-A814-4FED-9AE5-17CE0B475A33}.AppStore|x86.ActiveCfg = Debug|Any CPU
		{997B9A86-A814-4FED-9AE5-17CE0B475A33}.AppStore|x86.Build.0 = Debug|Any CPU
		{997B9A86-A814-4FED-9AE5-17CE0B475A33}.AppStore|x86.Deploy.0 = Debug|Any CPU
		{997B9A86-A814-4FED-9AE5-17CE0B475A33}.Debug|Any CPU.ActiveCfg = Debug|Any CPU
		{997B9A86-A814-4FED-9AE5-17CE0B475A33}.Debug|Any CPU.Build.0 = Debug|Any CPU
		{997B9A86-A814-4FED-9AE5-17CE0B475A33}.Debug|Any CPU.Deploy.0 = Debug|Any CPU
		{997B9A86-A814-4FED-9AE5-17CE0B475A33}.Debug|ARM.ActiveCfg = Debug|Any CPU
		{997B9A86-A814-4FED-9AE5-17CE0B475A33}.Debug|ARM.Build.0 = Debug|Any CPU
		{997B9A86-A814-4FED-9AE5-17CE0B475A33}.Debug|ARM.Deploy.0 = Debug|Any CPU
		{997B9A86-A814-4FED-9AE5-17CE0B475A33}.Debug|iPhone.ActiveCfg = Debug|Any CPU
		{997B9A86-A814-4FED-9AE5-17CE0B475A33}.Debug|iPhone.Build.0 = Debug|Any CPU
		{997B9A86-A814-4FED-9AE5-17CE0B475A33}.Debug|iPhone.Deploy.0 = Debug|Any CPU
		{997B9A86-A814-4FED-9AE5-17CE0B475A33}.Debug|iPhoneSimulator.ActiveCfg = Debug|Any CPU
		{997B9A86-A814-4FED-9AE5-17CE0B475A33}.Debug|iPhoneSimulator.Build.0 = Debug|Any CPU
		{997B9A86-A814-4FED-9AE5-17CE0B475A33}.Debug|iPhoneSimulator.Deploy.0 = Debug|Any CPU
		{997B9A86-A814-4FED-9AE5-17CE0B475A33}.Debug|x64.ActiveCfg = Debug|Any CPU
		{997B9A86-A814-4FED-9AE5-17CE0B475A33}.Debug|x64.Build.0 = Debug|Any CPU
		{997B9A86-A814-4FED-9AE5-17CE0B475A33}.Debug|x64.Deploy.0 = Debug|Any CPU
		{997B9A86-A814-4FED-9AE5-17CE0B475A33}.Debug|x86.ActiveCfg = Debug|Any CPU
		{997B9A86-A814-4FED-9AE5-17CE0B475A33}.Debug|x86.Build.0 = Debug|Any CPU
		{997B9A86-A814-4FED-9AE5-17CE0B475A33}.Debug|x86.Deploy.0 = Debug|Any CPU
		{997B9A86-A814-4FED-9AE5-17CE0B475A33}.Release|Any CPU.ActiveCfg = Release|Any CPU
		{997B9A86-A814-4FED-9AE5-17CE0B475A33}.Release|Any CPU.Build.0 = Release|Any CPU
		{997B9A86-A814-4FED-9AE5-17CE0B475A33}.Release|Any CPU.Deploy.0 = Release|Any CPU
		{997B9A86-A814-4FED-9AE5-17CE0B475A33}.Release|ARM.ActiveCfg = Release|Any CPU
		{997B9A86-A814-4FED-9AE5-17CE0B475A33}.Release|ARM.Build.0 = Release|Any CPU
		{997B9A86-A814-4FED-9AE5-17CE0B475A33}.Release|ARM.Deploy.0 = Release|Any CPU
		{997B9A86-A814-4FED-9AE5-17CE0B475A33}.Release|iPhone.ActiveCfg = Release|Any CPU
		{997B9A86-A814-4FED-9AE5-17CE0B475A33}.Release|iPhone.Build.0 = Release|Any CPU
		{997B9A86-A814-4FED-9AE5-17CE0B475A33}.Release|iPhone.Deploy.0 = Release|Any CPU
		{997B9A86-A814-4FED-9AE5-17CE0B475A33}.Release|iPhoneSimulator.ActiveCfg = Release|Any CPU
		{997B9A86-A814-4FED-9AE5-17CE0B475A33}.Release|iPhoneSimulator.Build.0 = Release|Any CPU
		{997B9A86-A814-4FED-9AE5-17CE0B475A33}.Release|iPhoneSimulator.Deploy.0 = Release|Any CPU
		{997B9A86-A814-4FED-9AE5-17CE0B475A33}.Release|x64.ActiveCfg = Release|Any CPU
		{997B9A86-A814-4FED-9AE5-17CE0B475A33}.Release|x64.Build.0 = Release|Any CPU
		{997B9A86-A814-4FED-9AE5-17CE0B475A33}.Release|x64.Deploy.0 = Release|Any CPU
		{997B9A86-A814-4FED-9AE5-17CE0B475A33}.Release|x86.ActiveCfg = Release|Any CPU
		{997B9A86-A814-4FED-9AE5-17CE0B475A33}.Release|x86.Build.0 = Release|Any CPU
		{997B9A86-A814-4FED-9AE5-17CE0B475A33}.Release|x86.Deploy.0 = Release|Any CPU
		{698A80B2-629C-4BBF-A7EA-38AFA7AEA57A}.Ad-Hoc|Any CPU.ActiveCfg = Release|Any CPU
		{698A80B2-629C-4BBF-A7EA-38AFA7AEA57A}.Ad-Hoc|Any CPU.Build.0 = Release|Any CPU
		{698A80B2-629C-4BBF-A7EA-38AFA7AEA57A}.Ad-Hoc|ARM.ActiveCfg = Release|Any CPU
		{698A80B2-629C-4BBF-A7EA-38AFA7AEA57A}.Ad-Hoc|ARM.Build.0 = Release|Any CPU
		{698A80B2-629C-4BBF-A7EA-38AFA7AEA57A}.Ad-Hoc|iPhone.ActiveCfg = Release|Any CPU
		{698A80B2-629C-4BBF-A7EA-38AFA7AEA57A}.Ad-Hoc|iPhone.Build.0 = Release|Any CPU
		{698A80B2-629C-4BBF-A7EA-38AFA7AEA57A}.Ad-Hoc|iPhoneSimulator.ActiveCfg = Release|Any CPU
		{698A80B2-629C-4BBF-A7EA-38AFA7AEA57A}.Ad-Hoc|iPhoneSimulator.Build.0 = Release|Any CPU
		{698A80B2-629C-4BBF-A7EA-38AFA7AEA57A}.Ad-Hoc|x64.ActiveCfg = Release|Any CPU
		{698A80B2-629C-4BBF-A7EA-38AFA7AEA57A}.Ad-Hoc|x64.Build.0 = Release|Any CPU
		{698A80B2-629C-4BBF-A7EA-38AFA7AEA57A}.Ad-Hoc|x86.ActiveCfg = Release|Any CPU
		{698A80B2-629C-4BBF-A7EA-38AFA7AEA57A}.Ad-Hoc|x86.Build.0 = Release|Any CPU
		{698A80B2-629C-4BBF-A7EA-38AFA7AEA57A}.AppStore|Any CPU.ActiveCfg = Release|Any CPU
		{698A80B2-629C-4BBF-A7EA-38AFA7AEA57A}.AppStore|Any CPU.Build.0 = Release|Any CPU
		{698A80B2-629C-4BBF-A7EA-38AFA7AEA57A}.AppStore|ARM.ActiveCfg = Release|Any CPU
		{698A80B2-629C-4BBF-A7EA-38AFA7AEA57A}.AppStore|ARM.Build.0 = Release|Any CPU
		{698A80B2-629C-4BBF-A7EA-38AFA7AEA57A}.AppStore|iPhone.ActiveCfg = Release|Any CPU
		{698A80B2-629C-4BBF-A7EA-38AFA7AEA57A}.AppStore|iPhone.Build.0 = Release|Any CPU
		{698A80B2-629C-4BBF-A7EA-38AFA7AEA57A}.AppStore|iPhoneSimulator.ActiveCfg = Release|Any CPU
		{698A80B2-629C-4BBF-A7EA-38AFA7AEA57A}.AppStore|iPhoneSimulator.Build.0 = Release|Any CPU
		{698A80B2-629C-4BBF-A7EA-38AFA7AEA57A}.AppStore|x64.ActiveCfg = Release|Any CPU
		{698A80B2-629C-4BBF-A7EA-38AFA7AEA57A}.AppStore|x64.Build.0 = Release|Any CPU
		{698A80B2-629C-4BBF-A7EA-38AFA7AEA57A}.AppStore|x86.ActiveCfg = Release|Any CPU
		{698A80B2-629C-4BBF-A7EA-38AFA7AEA57A}.AppStore|x86.Build.0 = Release|Any CPU
		{698A80B2-629C-4BBF-A7EA-38AFA7AEA57A}.Debug|Any CPU.ActiveCfg = Debug|Any CPU
		{698A80B2-629C-4BBF-A7EA-38AFA7AEA57A}.Debug|Any CPU.Build.0 = Debug|Any CPU
		{698A80B2-629C-4BBF-A7EA-38AFA7AEA57A}.Debug|ARM.ActiveCfg = Debug|Any CPU
		{698A80B2-629C-4BBF-A7EA-38AFA7AEA57A}.Debug|ARM.Build.0 = Debug|Any CPU
		{698A80B2-629C-4BBF-A7EA-38AFA7AEA57A}.Debug|iPhone.ActiveCfg = Debug|Any CPU
		{698A80B2-629C-4BBF-A7EA-38AFA7AEA57A}.Debug|iPhone.Build.0 = Debug|Any CPU
		{698A80B2-629C-4BBF-A7EA-38AFA7AEA57A}.Debug|iPhoneSimulator.ActiveCfg = Debug|Any CPU
		{698A80B2-629C-4BBF-A7EA-38AFA7AEA57A}.Debug|iPhoneSimulator.Build.0 = Debug|Any CPU
		{698A80B2-629C-4BBF-A7EA-38AFA7AEA57A}.Debug|x64.ActiveCfg = Debug|Any CPU
		{698A80B2-629C-4BBF-A7EA-38AFA7AEA57A}.Debug|x64.Build.0 = Debug|Any CPU
		{698A80B2-629C-4BBF-A7EA-38AFA7AEA57A}.Debug|x86.ActiveCfg = Debug|Any CPU
		{698A80B2-629C-4BBF-A7EA-38AFA7AEA57A}.Debug|x86.Build.0 = Debug|Any CPU
		{698A80B2-629C-4BBF-A7EA-38AFA7AEA57A}.Release|Any CPU.ActiveCfg = Release|Any CPU
		{698A80B2-629C-4BBF-A7EA-38AFA7AEA57A}.Release|Any CPU.Build.0 = Release|Any CPU
		{698A80B2-629C-4BBF-A7EA-38AFA7AEA57A}.Release|ARM.ActiveCfg = Release|Any CPU
		{698A80B2-629C-4BBF-A7EA-38AFA7AEA57A}.Release|ARM.Build.0 = Release|Any CPU
		{698A80B2-629C-4BBF-A7EA-38AFA7AEA57A}.Release|iPhone.ActiveCfg = Release|Any CPU
		{698A80B2-629C-4BBF-A7EA-38AFA7AEA57A}.Release|iPhone.Build.0 = Release|Any CPU
		{698A80B2-629C-4BBF-A7EA-38AFA7AEA57A}.Release|iPhoneSimulator.ActiveCfg = Release|Any CPU
		{698A80B2-629C-4BBF-A7EA-38AFA7AEA57A}.Release|iPhoneSimulator.Build.0 = Release|Any CPU
		{698A80B2-629C-4BBF-A7EA-38AFA7AEA57A}.Release|x64.ActiveCfg = Release|Any CPU
		{698A80B2-629C-4BBF-A7EA-38AFA7AEA57A}.Release|x64.Build.0 = Release|Any CPU
		{698A80B2-629C-4BBF-A7EA-38AFA7AEA57A}.Release|x86.ActiveCfg = Release|Any CPU
		{698A80B2-629C-4BBF-A7EA-38AFA7AEA57A}.Release|x86.Build.0 = Release|Any CPU
		{BCCA5B58-CD9A-4A8B-869D-9D2C99B34709}.Ad-Hoc|Any CPU.ActiveCfg = Debug|Any CPU
		{BCCA5B58-CD9A-4A8B-869D-9D2C99B34709}.Ad-Hoc|Any CPU.Build.0 = Debug|Any CPU
		{BCCA5B58-CD9A-4A8B-869D-9D2C99B34709}.Ad-Hoc|ARM.ActiveCfg = Debug|Any CPU
		{BCCA5B58-CD9A-4A8B-869D-9D2C99B34709}.Ad-Hoc|ARM.Build.0 = Debug|Any CPU
		{BCCA5B58-CD9A-4A8B-869D-9D2C99B34709}.Ad-Hoc|iPhone.ActiveCfg = Debug|Any CPU
		{BCCA5B58-CD9A-4A8B-869D-9D2C99B34709}.Ad-Hoc|iPhone.Build.0 = Debug|Any CPU
		{BCCA5B58-CD9A-4A8B-869D-9D2C99B34709}.Ad-Hoc|iPhoneSimulator.ActiveCfg = Debug|Any CPU
		{BCCA5B58-CD9A-4A8B-869D-9D2C99B34709}.Ad-Hoc|iPhoneSimulator.Build.0 = Debug|Any CPU
		{BCCA5B58-CD9A-4A8B-869D-9D2C99B34709}.Ad-Hoc|x64.ActiveCfg = Debug|Any CPU
		{BCCA5B58-CD9A-4A8B-869D-9D2C99B34709}.Ad-Hoc|x64.Build.0 = Debug|Any CPU
		{BCCA5B58-CD9A-4A8B-869D-9D2C99B34709}.Ad-Hoc|x86.ActiveCfg = Debug|Any CPU
		{BCCA5B58-CD9A-4A8B-869D-9D2C99B34709}.Ad-Hoc|x86.Build.0 = Debug|Any CPU
		{BCCA5B58-CD9A-4A8B-869D-9D2C99B34709}.AppStore|Any CPU.ActiveCfg = Debug|Any CPU
		{BCCA5B58-CD9A-4A8B-869D-9D2C99B34709}.AppStore|Any CPU.Build.0 = Debug|Any CPU
		{BCCA5B58-CD9A-4A8B-869D-9D2C99B34709}.AppStore|ARM.ActiveCfg = Debug|Any CPU
		{BCCA5B58-CD9A-4A8B-869D-9D2C99B34709}.AppStore|ARM.Build.0 = Debug|Any CPU
		{BCCA5B58-CD9A-4A8B-869D-9D2C99B34709}.AppStore|iPhone.ActiveCfg = Debug|Any CPU
		{BCCA5B58-CD9A-4A8B-869D-9D2C99B34709}.AppStore|iPhone.Build.0 = Debug|Any CPU
		{BCCA5B58-CD9A-4A8B-869D-9D2C99B34709}.AppStore|iPhoneSimulator.ActiveCfg = Debug|Any CPU
		{BCCA5B58-CD9A-4A8B-869D-9D2C99B34709}.AppStore|iPhoneSimulator.Build.0 = Debug|Any CPU
		{BCCA5B58-CD9A-4A8B-869D-9D2C99B34709}.AppStore|x64.ActiveCfg = Debug|Any CPU
		{BCCA5B58-CD9A-4A8B-869D-9D2C99B34709}.AppStore|x64.Build.0 = Debug|Any CPU
		{BCCA5B58-CD9A-4A8B-869D-9D2C99B34709}.AppStore|x86.ActiveCfg = Debug|Any CPU
		{BCCA5B58-CD9A-4A8B-869D-9D2C99B34709}.AppStore|x86.Build.0 = Debug|Any CPU
		{BCCA5B58-CD9A-4A8B-869D-9D2C99B34709}.Debug|Any CPU.ActiveCfg = Debug|Any CPU
		{BCCA5B58-CD9A-4A8B-869D-9D2C99B34709}.Debug|Any CPU.Build.0 = Debug|Any CPU
		{BCCA5B58-CD9A-4A8B-869D-9D2C99B34709}.Debug|ARM.ActiveCfg = Debug|Any CPU
		{BCCA5B58-CD9A-4A8B-869D-9D2C99B34709}.Debug|ARM.Build.0 = Debug|Any CPU
		{BCCA5B58-CD9A-4A8B-869D-9D2C99B34709}.Debug|iPhone.ActiveCfg = Debug|Any CPU
		{BCCA5B58-CD9A-4A8B-869D-9D2C99B34709}.Debug|iPhone.Build.0 = Debug|Any CPU
		{BCCA5B58-CD9A-4A8B-869D-9D2C99B34709}.Debug|iPhoneSimulator.ActiveCfg = Debug|Any CPU
		{BCCA5B58-CD9A-4A8B-869D-9D2C99B34709}.Debug|iPhoneSimulator.Build.0 = Debug|Any CPU
		{BCCA5B58-CD9A-4A8B-869D-9D2C99B34709}.Debug|x64.ActiveCfg = Debug|Any CPU
		{BCCA5B58-CD9A-4A8B-869D-9D2C99B34709}.Debug|x64.Build.0 = Debug|Any CPU
		{BCCA5B58-CD9A-4A8B-869D-9D2C99B34709}.Debug|x86.ActiveCfg = Debug|Any CPU
		{BCCA5B58-CD9A-4A8B-869D-9D2C99B34709}.Debug|x86.Build.0 = Debug|Any CPU
		{BCCA5B58-CD9A-4A8B-869D-9D2C99B34709}.Release|Any CPU.ActiveCfg = Release|Any CPU
		{BCCA5B58-CD9A-4A8B-869D-9D2C99B34709}.Release|Any CPU.Build.0 = Release|Any CPU
		{BCCA5B58-CD9A-4A8B-869D-9D2C99B34709}.Release|ARM.ActiveCfg = Release|Any CPU
		{BCCA5B58-CD9A-4A8B-869D-9D2C99B34709}.Release|ARM.Build.0 = Release|Any CPU
		{BCCA5B58-CD9A-4A8B-869D-9D2C99B34709}.Release|iPhone.ActiveCfg = Release|Any CPU
		{BCCA5B58-CD9A-4A8B-869D-9D2C99B34709}.Release|iPhone.Build.0 = Release|Any CPU
		{BCCA5B58-CD9A-4A8B-869D-9D2C99B34709}.Release|iPhoneSimulator.ActiveCfg = Release|Any CPU
		{BCCA5B58-CD9A-4A8B-869D-9D2C99B34709}.Release|iPhoneSimulator.Build.0 = Release|Any CPU
		{BCCA5B58-CD9A-4A8B-869D-9D2C99B34709}.Release|x64.ActiveCfg = Release|Any CPU
		{BCCA5B58-CD9A-4A8B-869D-9D2C99B34709}.Release|x64.Build.0 = Release|Any CPU
		{BCCA5B58-CD9A-4A8B-869D-9D2C99B34709}.Release|x86.ActiveCfg = Release|Any CPU
		{BCCA5B58-CD9A-4A8B-869D-9D2C99B34709}.Release|x86.Build.0 = Release|Any CPU
		{A0ABD6E4-6124-43BF-A658-A91AB9500C3A}.Ad-Hoc|Any CPU.ActiveCfg = Debug|Any CPU
		{A0ABD6E4-6124-43BF-A658-A91AB9500C3A}.Ad-Hoc|Any CPU.Build.0 = Debug|Any CPU
		{A0ABD6E4-6124-43BF-A658-A91AB9500C3A}.Ad-Hoc|ARM.ActiveCfg = Debug|Any CPU
		{A0ABD6E4-6124-43BF-A658-A91AB9500C3A}.Ad-Hoc|ARM.Build.0 = Debug|Any CPU
		{A0ABD6E4-6124-43BF-A658-A91AB9500C3A}.Ad-Hoc|iPhone.ActiveCfg = Debug|Any CPU
		{A0ABD6E4-6124-43BF-A658-A91AB9500C3A}.Ad-Hoc|iPhone.Build.0 = Debug|Any CPU
		{A0ABD6E4-6124-43BF-A658-A91AB9500C3A}.Ad-Hoc|iPhoneSimulator.ActiveCfg = Debug|Any CPU
		{A0ABD6E4-6124-43BF-A658-A91AB9500C3A}.Ad-Hoc|iPhoneSimulator.Build.0 = Debug|Any CPU
		{A0ABD6E4-6124-43BF-A658-A91AB9500C3A}.Ad-Hoc|x64.ActiveCfg = Debug|Any CPU
		{A0ABD6E4-6124-43BF-A658-A91AB9500C3A}.Ad-Hoc|x64.Build.0 = Debug|Any CPU
		{A0ABD6E4-6124-43BF-A658-A91AB9500C3A}.Ad-Hoc|x86.ActiveCfg = Debug|Any CPU
		{A0ABD6E4-6124-43BF-A658-A91AB9500C3A}.Ad-Hoc|x86.Build.0 = Debug|Any CPU
		{A0ABD6E4-6124-43BF-A658-A91AB9500C3A}.AppStore|Any CPU.ActiveCfg = Debug|Any CPU
		{A0ABD6E4-6124-43BF-A658-A91AB9500C3A}.AppStore|Any CPU.Build.0 = Debug|Any CPU
		{A0ABD6E4-6124-43BF-A658-A91AB9500C3A}.AppStore|ARM.ActiveCfg = Debug|Any CPU
		{A0ABD6E4-6124-43BF-A658-A91AB9500C3A}.AppStore|ARM.Build.0 = Debug|Any CPU
		{A0ABD6E4-6124-43BF-A658-A91AB9500C3A}.AppStore|iPhone.ActiveCfg = Debug|Any CPU
		{A0ABD6E4-6124-43BF-A658-A91AB9500C3A}.AppStore|iPhone.Build.0 = Debug|Any CPU
		{A0ABD6E4-6124-43BF-A658-A91AB9500C3A}.AppStore|iPhoneSimulator.ActiveCfg = Debug|Any CPU
		{A0ABD6E4-6124-43BF-A658-A91AB9500C3A}.AppStore|iPhoneSimulator.Build.0 = Debug|Any CPU
		{A0ABD6E4-6124-43BF-A658-A91AB9500C3A}.AppStore|x64.ActiveCfg = Debug|Any CPU
		{A0ABD6E4-6124-43BF-A658-A91AB9500C3A}.AppStore|x64.Build.0 = Debug|Any CPU
		{A0ABD6E4-6124-43BF-A658-A91AB9500C3A}.AppStore|x86.ActiveCfg = Debug|Any CPU
		{A0ABD6E4-6124-43BF-A658-A91AB9500C3A}.AppStore|x86.Build.0 = Debug|Any CPU
		{A0ABD6E4-6124-43BF-A658-A91AB9500C3A}.Debug|Any CPU.ActiveCfg = Debug|Any CPU
		{A0ABD6E4-6124-43BF-A658-A91AB9500C3A}.Debug|Any CPU.Build.0 = Debug|Any CPU
		{A0ABD6E4-6124-43BF-A658-A91AB9500C3A}.Debug|ARM.ActiveCfg = Debug|Any CPU
		{A0ABD6E4-6124-43BF-A658-A91AB9500C3A}.Debug|ARM.Build.0 = Debug|Any CPU
		{A0ABD6E4-6124-43BF-A658-A91AB9500C3A}.Debug|iPhone.ActiveCfg = Debug|Any CPU
		{A0ABD6E4-6124-43BF-A658-A91AB9500C3A}.Debug|iPhone.Build.0 = Debug|Any CPU
		{A0ABD6E4-6124-43BF-A658-A91AB9500C3A}.Debug|iPhoneSimulator.ActiveCfg = Debug|Any CPU
		{A0ABD6E4-6124-43BF-A658-A91AB9500C3A}.Debug|iPhoneSimulator.Build.0 = Debug|Any CPU
		{A0ABD6E4-6124-43BF-A658-A91AB9500C3A}.Debug|x64.ActiveCfg = Debug|Any CPU
		{A0ABD6E4-6124-43BF-A658-A91AB9500C3A}.Debug|x64.Build.0 = Debug|Any CPU
		{A0ABD6E4-6124-43BF-A658-A91AB9500C3A}.Debug|x86.ActiveCfg = Debug|Any CPU
		{A0ABD6E4-6124-43BF-A658-A91AB9500C3A}.Debug|x86.Build.0 = Debug|Any CPU
		{A0ABD6E4-6124-43BF-A658-A91AB9500C3A}.Release|Any CPU.ActiveCfg = Release|Any CPU
		{A0ABD6E4-6124-43BF-A658-A91AB9500C3A}.Release|Any CPU.Build.0 = Release|Any CPU
		{A0ABD6E4-6124-43BF-A658-A91AB9500C3A}.Release|ARM.ActiveCfg = Release|Any CPU
		{A0ABD6E4-6124-43BF-A658-A91AB9500C3A}.Release|ARM.Build.0 = Release|Any CPU
		{A0ABD6E4-6124-43BF-A658-A91AB9500C3A}.Release|iPhone.ActiveCfg = Release|Any CPU
		{A0ABD6E4-6124-43BF-A658-A91AB9500C3A}.Release|iPhone.Build.0 = Release|Any CPU
		{A0ABD6E4-6124-43BF-A658-A91AB9500C3A}.Release|iPhoneSimulator.ActiveCfg = Release|Any CPU
		{A0ABD6E4-6124-43BF-A658-A91AB9500C3A}.Release|iPhoneSimulator.Build.0 = Release|Any CPU
		{A0ABD6E4-6124-43BF-A658-A91AB9500C3A}.Release|x64.ActiveCfg = Release|Any CPU
		{A0ABD6E4-6124-43BF-A658-A91AB9500C3A}.Release|x64.Build.0 = Release|Any CPU
		{A0ABD6E4-6124-43BF-A658-A91AB9500C3A}.Release|x86.ActiveCfg = Release|Any CPU
		{A0ABD6E4-6124-43BF-A658-A91AB9500C3A}.Release|x86.Build.0 = Release|Any CPU
		{37E6524C-255C-4691-A35E-1E81843A01DB}.Ad-Hoc|Any CPU.ActiveCfg = Debug|Any CPU
		{37E6524C-255C-4691-A35E-1E81843A01DB}.Ad-Hoc|Any CPU.Build.0 = Debug|Any CPU
		{37E6524C-255C-4691-A35E-1E81843A01DB}.Ad-Hoc|ARM.ActiveCfg = Debug|Any CPU
		{37E6524C-255C-4691-A35E-1E81843A01DB}.Ad-Hoc|ARM.Build.0 = Debug|Any CPU
		{37E6524C-255C-4691-A35E-1E81843A01DB}.Ad-Hoc|iPhone.ActiveCfg = Debug|Any CPU
		{37E6524C-255C-4691-A35E-1E81843A01DB}.Ad-Hoc|iPhone.Build.0 = Debug|Any CPU
		{37E6524C-255C-4691-A35E-1E81843A01DB}.Ad-Hoc|iPhoneSimulator.ActiveCfg = Debug|Any CPU
		{37E6524C-255C-4691-A35E-1E81843A01DB}.Ad-Hoc|iPhoneSimulator.Build.0 = Debug|Any CPU
		{37E6524C-255C-4691-A35E-1E81843A01DB}.Ad-Hoc|x64.ActiveCfg = Debug|Any CPU
		{37E6524C-255C-4691-A35E-1E81843A01DB}.Ad-Hoc|x64.Build.0 = Debug|Any CPU
		{37E6524C-255C-4691-A35E-1E81843A01DB}.Ad-Hoc|x86.ActiveCfg = Debug|Any CPU
		{37E6524C-255C-4691-A35E-1E81843A01DB}.Ad-Hoc|x86.Build.0 = Debug|Any CPU
		{37E6524C-255C-4691-A35E-1E81843A01DB}.AppStore|Any CPU.ActiveCfg = Debug|Any CPU
		{37E6524C-255C-4691-A35E-1E81843A01DB}.AppStore|Any CPU.Build.0 = Debug|Any CPU
		{37E6524C-255C-4691-A35E-1E81843A01DB}.AppStore|ARM.ActiveCfg = Debug|Any CPU
		{37E6524C-255C-4691-A35E-1E81843A01DB}.AppStore|ARM.Build.0 = Debug|Any CPU
		{37E6524C-255C-4691-A35E-1E81843A01DB}.AppStore|iPhone.ActiveCfg = Debug|Any CPU
		{37E6524C-255C-4691-A35E-1E81843A01DB}.AppStore|iPhone.Build.0 = Debug|Any CPU
		{37E6524C-255C-4691-A35E-1E81843A01DB}.AppStore|iPhoneSimulator.ActiveCfg = Debug|Any CPU
		{37E6524C-255C-4691-A35E-1E81843A01DB}.AppStore|iPhoneSimulator.Build.0 = Debug|Any CPU
		{37E6524C-255C-4691-A35E-1E81843A01DB}.AppStore|x64.ActiveCfg = Debug|Any CPU
		{37E6524C-255C-4691-A35E-1E81843A01DB}.AppStore|x64.Build.0 = Debug|Any CPU
		{37E6524C-255C-4691-A35E-1E81843A01DB}.AppStore|x86.ActiveCfg = Debug|Any CPU
		{37E6524C-255C-4691-A35E-1E81843A01DB}.AppStore|x86.Build.0 = Debug|Any CPU
		{37E6524C-255C-4691-A35E-1E81843A01DB}.Debug|Any CPU.ActiveCfg = Debug|Any CPU
		{37E6524C-255C-4691-A35E-1E81843A01DB}.Debug|Any CPU.Build.0 = Debug|Any CPU
		{37E6524C-255C-4691-A35E-1E81843A01DB}.Debug|ARM.ActiveCfg = Debug|Any CPU
		{37E6524C-255C-4691-A35E-1E81843A01DB}.Debug|ARM.Build.0 = Debug|Any CPU
		{37E6524C-255C-4691-A35E-1E81843A01DB}.Debug|iPhone.ActiveCfg = Debug|Any CPU
		{37E6524C-255C-4691-A35E-1E81843A01DB}.Debug|iPhone.Build.0 = Debug|Any CPU
		{37E6524C-255C-4691-A35E-1E81843A01DB}.Debug|iPhoneSimulator.ActiveCfg = Debug|Any CPU
		{37E6524C-255C-4691-A35E-1E81843A01DB}.Debug|iPhoneSimulator.Build.0 = Debug|Any CPU
		{37E6524C-255C-4691-A35E-1E81843A01DB}.Debug|x64.ActiveCfg = Debug|Any CPU
		{37E6524C-255C-4691-A35E-1E81843A01DB}.Debug|x64.Build.0 = Debug|Any CPU
		{37E6524C-255C-4691-A35E-1E81843A01DB}.Debug|x86.ActiveCfg = Debug|Any CPU
		{37E6524C-255C-4691-A35E-1E81843A01DB}.Debug|x86.Build.0 = Debug|Any CPU
		{37E6524C-255C-4691-A35E-1E81843A01DB}.Release|Any CPU.ActiveCfg = Release|Any CPU
		{37E6524C-255C-4691-A35E-1E81843A01DB}.Release|Any CPU.Build.0 = Release|Any CPU
		{37E6524C-255C-4691-A35E-1E81843A01DB}.Release|ARM.ActiveCfg = Release|Any CPU
		{37E6524C-255C-4691-A35E-1E81843A01DB}.Release|ARM.Build.0 = Release|Any CPU
		{37E6524C-255C-4691-A35E-1E81843A01DB}.Release|iPhone.ActiveCfg = Release|Any CPU
		{37E6524C-255C-4691-A35E-1E81843A01DB}.Release|iPhone.Build.0 = Release|Any CPU
		{37E6524C-255C-4691-A35E-1E81843A01DB}.Release|iPhoneSimulator.ActiveCfg = Release|Any CPU
		{37E6524C-255C-4691-A35E-1E81843A01DB}.Release|iPhoneSimulator.Build.0 = Release|Any CPU
		{37E6524C-255C-4691-A35E-1E81843A01DB}.Release|x64.ActiveCfg = Release|Any CPU
		{37E6524C-255C-4691-A35E-1E81843A01DB}.Release|x64.Build.0 = Release|Any CPU
		{37E6524C-255C-4691-A35E-1E81843A01DB}.Release|x86.ActiveCfg = Release|Any CPU
		{37E6524C-255C-4691-A35E-1E81843A01DB}.Release|x86.Build.0 = Release|Any CPU
	EndGlobalSection
	GlobalSection(SolutionProperties) = preSolution
		HideSolutionNode = FALSE
	EndGlobalSection
	GlobalSection(NestedProjects) = preSolution
		{33314D2D-9BA5-4FCA-AD95-AFE203CC8152} = {F90271E0-2413-48AF-BD9A-08ACBB274430}
		{D893FEF2-0E63-449A-86C5-2E0C9A93ED72} = {F90271E0-2413-48AF-BD9A-08ACBB274430}
		{E9DFEC0C-1DD8-47F0-BB69-58222D691ACA} = {F90271E0-2413-48AF-BD9A-08ACBB274430}
		{997B9A86-A814-4FED-9AE5-17CE0B475A33} = {773134CC-DCC5-4970-AD45-BD8A6470463F}
		{698A80B2-629C-4BBF-A7EA-38AFA7AEA57A} = {ECC460C0-EBFE-422E-BB4F-B916BB64BE54}
		{BCCA5B58-CD9A-4A8B-869D-9D2C99B34709} = {379FA441-ABB6-4086-89BE-6C6357A46BCF}
		{773134CC-DCC5-4970-AD45-BD8A6470463F} = {7F05FBBB-F249-44C7-ADE4-ED35B3FFC176}
		{F90271E0-2413-48AF-BD9A-08ACBB274430} = {7F05FBBB-F249-44C7-ADE4-ED35B3FFC176}
		{A0ABD6E4-6124-43BF-A658-A91AB9500C3A} = {EEF1FA35-0FEF-4FE1-AE3A-781895F4E2FC}
		{37E6524C-255C-4691-A35E-1E81843A01DB} = {ECC460C0-EBFE-422E-BB4F-B916BB64BE54}
	EndGlobalSection
	GlobalSection(ExtensibilityGlobals) = postSolution
		SolutionGuid = {4B8C74E8-6463-4704-9DE2-D8A87C327A8C}
	EndGlobalSection
EndGlobal
